
Microsoft Visual Studio Solution File, Format Version 12.00
# Visual Studio 2013
VisualStudioVersion = 12.0.21005.1
MinimumVisualStudioVersion = 10.0.40219.1
Project("{FAE04EC0-301F-11D3-BF4B-00C04F79EFBC}") = "BundlerMiddleware", "BundlerMiddleware\BundlerMiddleware.csproj", "{A512A2F1-468A-4E91-9C68-3BAC36833902}"
EndProject
Project("{FAE04EC0-301F-11D3-BF4B-00C04F79EFBC}") = "BundlerMiddleware.System.Web", "BundlerMiddleware.System.Web\BundlerMiddleware.System.Web.csproj", "{C7A73795-0A66-49D3-B82E-35C679042510}"
EndProject
Project("{FAE04EC0-301F-11D3-BF4B-00C04F79EFBC}") = "BundlerMarkdown", "BundlerMarkdown\BundlerMarkdown.csproj", "{6D94670C-8C47-4A63-88F3-F78EC3286D16}"
EndProject
Project("{FAE04EC0-301F-11D3-BF4B-00C04F79EFBC}") = "BundlerTestSite", "BundlerTestSite\BundlerTestSite.csproj", "{6330EB65-6CBE-480D-BE1F-E01E8D1EE64F}"
EndProject
Global
	GlobalSection(SolutionConfigurationPlatforms) = preSolution
		Debug|Any CPU = Debug|Any CPU
		Release|Any CPU = Release|Any CPU
	EndGlobalSection
	GlobalSection(ProjectConfigurationPlatforms) = postSolution
		{A512A2F1-468A-4E91-9C68-3BAC36833902}.Debug|Any CPU.ActiveCfg = Debug|Any CPU
		{A512A2F1-468A-4E91-9C68-3BAC36833902}.Debug|Any CPU.Build.0 = Debug|Any CPU
		{A512A2F1-468A-4E91-9C68-3BAC36833902}.Release|Any CPU.ActiveCfg = Release|Any CPU
		{A512A2F1-468A-4E91-9C68-3BAC36833902}.Release|Any CPU.Build.0 = Release|Any CPU
		{C7A73795-0A66-49D3-B82E-35C679042510}.Debug|Any CPU.ActiveCfg = Debug|Any CPU
		{C7A73795-0A66-49D3-B82E-35C679042510}.Debug|Any CPU.Build.0 = Debug|Any CPU
		{C7A73795-0A66-49D3-B82E-35C679042510}.Release|Any CPU.ActiveCfg = Release|Any CPU
		{C7A73795-0A66-49D3-B82E-35C679042510}.Release|Any CPU.Build.0 = Release|Any CPU
		{6D94670C-8C47-4A63-88F3-F78EC3286D16}.Debug|Any CPU.ActiveCfg = Debug|Any CPU
		{6D94670C-8C47-4A63-88F3-F78EC3286D16}.Debug|Any CPU.Build.0 = Debug|Any CPU
		{6D94670C-8C47-4A63-88F3-F78EC3286D16}.Release|Any CPU.ActiveCfg = Release|Any CPU
		{6D94670C-8C47-4A63-88F3-F78EC3286D16}.Release|Any CPU.Build.0 = Release|Any CPU
		{6330EB65-6CBE-480D-BE1F-E01E8D1EE64F}.Debug|Any CPU.ActiveCfg = Debug|Any CPU
		{6330EB65-6CBE-480D-BE1F-E01E8D1EE64F}.Debug|Any CPU.Build.0 = Debug|Any CPU
		{6330EB65-6CBE-480D-BE1F-E01E8D1EE64F}.Release|Any CPU.ActiveCfg = Release|Any CPU
		{6330EB65-6CBE-480D-BE1F-E01E8D1EE64F}.Release|Any CPU.Build.0 = Release|Any CPU
	EndGlobalSection
	GlobalSection(SolutionProperties) = preSolution
		HideSolutionNode = FALSE
	EndGlobalSection
EndGlobal
